
Microsoft Visual Studio Solution File, Format Version 12.00
# Visual Studio 15
VisualStudioVersion = 15.0.26730.10
MinimumVisualStudioVersion = 10.0.40219.1
Project("{FAE04EC0-301F-11D3-BF4B-00C04F79EFBC}") = "HellBrick.AsyncLinq", "HellBrick.AsyncLinq\HellBrick.AsyncLinq.csproj", "{5DDCEB6A-6FD4-4639-BB5C-61814E5F9437}"
EndProject
Project("{FAE04EC0-301F-11D3-BF4B-00C04F79EFBC}") = "HellBrick.AsyncLinq.Test", "HellBrick.AsyncLinq.Test\HellBrick.AsyncLinq.Test.csproj", "{AD870A51-2C5B-41FB-BF3F-2DE8FDBA6217}"
EndProject
Global
	GlobalSection(SolutionConfigurationPlatforms) = preSolution
		Debug|Any CPU = Debug|Any CPU
		Release|Any CPU = Release|Any CPU
	EndGlobalSection
	GlobalSection(ProjectConfigurationPlatforms) = postSolution
		{5DDCEB6A-6FD4-4639-BB5C-61814E5F9437}.Debug|Any CPU.ActiveCfg = Debug|Any CPU
		{5DDCEB6A-6FD4-4639-BB5C-61814E5F9437}.Debug|Any CPU.Build.0 = Debug|Any CPU
		{5DDCEB6A-6FD4-4639-BB5C-61814E5F9437}.Release|Any CPU.ActiveCfg = Release|Any CPU
		{5DDCEB6A-6FD4-4639-BB5C-61814E5F9437}.Release|Any CPU.Build.0 = Release|Any CPU
		{AD870A51-2C5B-41FB-BF3F-2DE8FDBA6217}.Debug|Any CPU.ActiveCfg = Debug|Any CPU
		{AD870A51-2C5B-41FB-BF3F-2DE8FDBA6217}.Debug|Any CPU.Build.0 = Debug|Any CPU
		{AD870A51-2C5B-41FB-BF3F-2DE8FDBA6217}.Release|Any CPU.ActiveCfg = Release|Any CPU
		{AD870A51-2C5B-41FB-BF3F-2DE8FDBA6217}.Release|Any CPU.Build.0 = Release|Any CPU
	EndGlobalSection
	GlobalSection(SolutionProperties) = preSolution
		HideSolutionNode = FALSE
	EndGlobalSection
	GlobalSection(ExtensibilityGlobals) = postSolution
		SolutionGuid = {21778E7F-ED26-46DA-A0A3-7C1483D9A576}
	EndGlobalSection
EndGlobal
